// !$*UTF8*$!
{
	archiveVersion = 1;
	classes = {
	};
	objectVersion = 46;
	objects = {

/* Begin PBXBuildFile section */
		28E25E7A19F99A91000523C2 /* Foundation.framework in Frameworks */ = {isa = PBXBuildFile; fileRef = 28E25E7919F99A91000523C2 /* Foundation.framework */; };
		28E25E7C19F99A91000523C2 /* CoreGraphics.framework in Frameworks */ = {isa = PBXBuildFile; fileRef = 28E25E7B19F99A91000523C2 /* CoreGraphics.framework */; };
		28E25E7E19F99A91000523C2 /* UIKit.framework in Frameworks */ = {isa = PBXBuildFile; fileRef = 28E25E7D19F99A91000523C2 /* UIKit.framework */; };
		28E25E8419F99A91000523C2 /* InfoPlist.strings in Resources */ = {isa = PBXBuildFile; fileRef = 28E25E8219F99A91000523C2 /* InfoPlist.strings */; };
		28E25E8619F99A91000523C2 /* main.m in Sources */ = {isa = PBXBuildFile; fileRef = 28E25E8519F99A91000523C2 /* main.m */; };
		28E25E8A19F99A91000523C2 /* AppDelegate.m in Sources */ = {isa = PBXBuildFile; fileRef = 28E25E8919F99A91000523C2 /* AppDelegate.m */; };
		28E25E8D19F99A91000523C2 /* Main.storyboard in Resources */ = {isa = PBXBuildFile; fileRef = 28E25E8B19F99A91000523C2 /* Main.storyboard */; };
		28E25E9019F99A91000523C2 /* ViewController.m in Sources */ = {isa = PBXBuildFile; fileRef = 28E25E8F19F99A91000523C2 /* ViewController.m */; };
		28E25E9219F99A91000523C2 /* Images.xcassets in Resources */ = {isa = PBXBuildFile; fileRef = 28E25E9119F99A91000523C2 /* Images.xcassets */; };
		28E25E9919F99A91000523C2 /* XCTest.framework in Frameworks */ = {isa = PBXBuildFile; fileRef = 28E25E9819F99A91000523C2 /* XCTest.framework */; };
		28E25E9A19F99A91000523C2 /* Foundation.framework in Frameworks */ = {isa = PBXBuildFile; fileRef = 28E25E7919F99A91000523C2 /* Foundation.framework */; };
		28E25E9B19F99A91000523C2 /* UIKit.framework in Frameworks */ = {isa = PBXBuildFile; fileRef = 28E25E7D19F99A91000523C2 /* UIKit.framework */; };
		28E25EA319F99A91000523C2 /* InfoPlist.strings in Resources */ = {isa = PBXBuildFile; fileRef = 28E25EA119F99A91000523C2 /* InfoPlist.strings */; };
		28E25EA519F99A91000523C2 /* SimpleArrayAppTests.m in Sources */ = {isa = PBXBuildFile; fileRef = 28E25EA419F99A91000523C2 /* SimpleArrayAppTests.m */; };
		28E25EB019F99AA3000523C2 /* ArrayViewController.m in Sources */ = {isa = PBXBuildFile; fileRef = 28E25EAF19F99AA3000523C2 /* ArrayViewController.m */; };
/* End PBXBuildFile section */

/* Begin PBXContainerItemProxy section */
		28E25E9C19F99A91000523C2 /* PBXContainerItemProxy */ = {
			isa = PBXContainerItemProxy;
			containerPortal = 28E25E6E19F99A91000523C2 /* Project object */;
			proxyType = 1;
			remoteGlobalIDString = 28E25E7519F99A91000523C2;
			remoteInfo = SimpleArrayApp;
		};
/* End PBXContainerItemProxy section */

/* Begin PBXFileReference section */
		28E25E7619F99A91000523C2 /* SimpleArrayApp.app */ = {isa = PBXFileReference; explicitFileType = wrapper.application; includeInIndex = 0; path = SimpleArrayApp.app; sourceTree = BUILT_PRODUCTS_DIR; };
		28E25E7919F99A91000523C2 /* Foundation.framework */ = {isa = PBXFileReference; lastKnownFileType = wrapper.framework; name = Foundation.framework; path = System/Library/Frameworks/Foundation.framework; sourceTree = SDKROOT; };
		28E25E7B19F99A91000523C2 /* CoreGraphics.framework */ = {isa = PBXFileReference; lastKnownFileType = wrapper.framework; name = CoreGraphics.framework; path = System/Library/Frameworks/CoreGraphics.framework; sourceTree = SDKROOT; };
		28E25E7D19F99A91000523C2 /* UIKit.framework */ = {isa = PBXFileReference; lastKnownFileType = wrapper.framework; name = UIKit.framework; path = System/Library/Frameworks/UIKit.framework; sourceTree = SDKROOT; };
		28E25E8119F99A91000523C2 /* SimpleArrayApp-Info.plist */ = {isa = PBXFileReference; lastKnownFileType = text.plist.xml; path = "SimpleArrayApp-Info.plist"; sourceTree = "<group>"; };
		28E25E8319F99A91000523C2 /* en */ = {isa = PBXFileReference; lastKnownFileType = text.plist.strings; name = en; path = en.lproj/InfoPlist.strings; sourceTree = "<group>"; };
		28E25E8519F99A91000523C2 /* main.m */ = {isa = PBXFileReference; lastKnownFileType = sourcecode.c.objc; path = main.m; sourceTree = "<group>"; };
		28E25E8719F99A91000523C2 /* SimpleArrayApp-Prefix.pch */ = {isa = PBXFileReference; lastKnownFileType = sourcecode.c.h; path = "SimpleArrayApp-Prefix.pch"; sourceTree = "<group>"; };
		28E25E8819F99A91000523C2 /* AppDelegate.h */ = {isa = PBXFileReference; lastKnownFileType = sourcecode.c.h; path = AppDelegate.h; sourceTree = "<group>"; };
		28E25E8919F99A91000523C2 /* AppDelegate.m */ = {isa = PBXFileReference; lastKnownFileType = sourcecode.c.objc; path = AppDelegate.m; sourceTree = "<group>"; };
		28E25E8C19F99A91000523C2 /* Base */ = {isa = PBXFileReference; lastKnownFileType = file.storyboard; name = Base; path = Base.lproj/Main.storyboard; sourceTree = "<group>"; };
		28E25E8E19F99A91000523C2 /* ViewController.h */ = {isa = PBXFileReference; lastKnownFileType = sourcecode.c.h; path = ViewController.h; sourceTree = "<group>"; };
		28E25E8F19F99A91000523C2 /* ViewController.m */ = {isa = PBXFileReference; lastKnownFileType = sourcecode.c.objc; path = ViewController.m; sourceTree = "<group>"; };
		28E25E9119F99A91000523C2 /* Images.xcassets */ = {isa = PBXFileReference; lastKnownFileType = folder.assetcatalog; path = Images.xcassets; sourceTree = "<group>"; };
		28E25E9719F99A91000523C2 /* SimpleArrayAppTests.xctest */ = {isa = PBXFileReference; explicitFileType = wrapper.cfbundle; includeInIndex = 0; path = SimpleArrayAppTests.xctest; sourceTree = BUILT_PRODUCTS_DIR; };
		28E25E9819F99A91000523C2 /* XCTest.framework */ = {isa = PBXFileReference; lastKnownFileType = wrapper.framework; name = XCTest.framework; path = Library/Frameworks/XCTest.framework; sourceTree = DEVELOPER_DIR; };
		28E25EA019F99A91000523C2 /* SimpleArrayAppTests-Info.plist */ = {isa = PBXFileReference; lastKnownFileType = text.plist.xml; path = "SimpleArrayAppTests-Info.plist"; sourceTree = "<group>"; };
		28E25EA219F99A91000523C2 /* en */ = {isa = PBXFileReference; lastKnownFileType = text.plist.strings; name = en; path = en.lproj/InfoPlist.strings; sourceTree = "<group>"; };
		28E25EA419F99A91000523C2 /* SimpleArrayAppTests.m */ = {isa = PBXFileReference; lastKnownFileType = sourcecode.c.objc; path = SimpleArrayAppTests.m; sourceTree = "<group>"; };
		28E25EAE19F99AA3000523C2 /* ArrayViewController.h */ = {isa = PBXFileReference; fileEncoding = 4; lastKnownFileType = sourcecode.c.h; path = ArrayViewController.h; sourceTree = "<group>"; };
		28E25EAF19F99AA3000523C2 /* ArrayViewController.m */ = {isa = PBXFileReference; fileEncoding = 4; lastKnownFileType = sourcecode.c.objc; path = ArrayViewController.m; sourceTree = "<group>"; };
/* End PBXFileReference section */

/* Begin PBXFrameworksBuildPhase section */
		28E25E7319F99A91000523C2 /* Frameworks */ = {
			isa = PBXFrameworksBuildPhase;
			buildActionMask = 2147483647;
			files = (
				28E25E7C19F99A91000523C2 /* CoreGraphics.framework in Frameworks */,
				28E25E7E19F99A91000523C2 /* UIKit.framework in Frameworks */,
				28E25E7A19F99A91000523C2 /* Foundation.framework in Frameworks */,
			);
			runOnlyForDeploymentPostprocessing = 0;
		};
		28E25E9419F99A91000523C2 /* Frameworks */ = {
			isa = PBXFrameworksBuildPhase;
			buildActionMask = 2147483647;
			files = (
				28E25E9919F99A91000523C2 /* XCTest.framework in Frameworks */,
				28E25E9B19F99A91000523C2 /* UIKit.framework in Frameworks */,
				28E25E9A19F99A91000523C2 /* Foundation.framework in Frameworks */,
			);
			runOnlyForDeploymentPostprocessing = 0;
		};
/* End PBXFrameworksBuildPhase section */

/* Begin PBXGroup section */
		28E25E6D19F99A91000523C2 = {
			isa = PBXGroup;
			children = (
				28E25EAE19F99AA3000523C2 /* ArrayViewController.h */,
				28E25EAF19F99AA3000523C2 /* ArrayViewController.m */,
				28E25E7F19F99A91000523C2 /* SimpleArrayApp */,
				28E25E9E19F99A91000523C2 /* SimpleArrayAppTests */,
				28E25E7819F99A91000523C2 /* Frameworks */,
				28E25E7719F99A91000523C2 /* Products */,
			);
			sourceTree = "<group>";
		};
		28E25E7719F99A91000523C2 /* Products */ = {
			isa = PBXGroup;
			children = (
				28E25E7619F99A91000523C2 /* SimpleArrayApp.app */,
				28E25E9719F99A91000523C2 /* SimpleArrayAppTests.xctest */,
			);
			name = Products;
			sourceTree = "<group>";
		};
		28E25E7819F99A91000523C2 /* Frameworks */ = {
			isa = PBXGroup;
			children = (
				28E25E7919F99A91000523C2 /* Foundation.framework */,
				28E25E7B19F99A91000523C2 /* CoreGraphics.framework */,
				28E25E7D19F99A91000523C2 /* UIKit.framework */,
				28E25E9819F99A91000523C2 /* XCTest.framework */,
			);
			name = Frameworks;
			sourceTree = "<group>";
		};
		28E25E7F19F99A91000523C2 /* SimpleArrayApp */ = {
			isa = PBXGroup;
			children = (
				28E25E8819F99A91000523C2 /* AppDelegate.h */,
				28E25E8919F99A91000523C2 /* AppDelegate.m */,
				28E25E8B19F99A91000523C2 /* Main.storyboard */,
				28E25E8E19F99A91000523C2 /* ViewController.h */,
				28E25E8F19F99A91000523C2 /* ViewController.m */,
				28E25E9119F99A91000523C2 /* Images.xcassets */,
				28E25E8019F99A91000523C2 /* Supporting Files */,
			);
			path = SimpleArrayApp;
			sourceTree = "<group>";
		};
		28E25E8019F99A91000523C2 /* Supporting Files */ = {
			isa = PBXGroup;
			children = (
				28E25E8119F99A91000523C2 /* SimpleArrayApp-Info.plist */,
				28E25E8219F99A91000523C2 /* InfoPlist.strings */,
				28E25E8519F99A91000523C2 /* main.m */,
				28E25E8719F99A91000523C2 /* SimpleArrayApp-Prefix.pch */,
			);
			name = "Supporting Files";
			sourceTree = "<group>";
		};
		28E25E9E19F99A91000523C2 /* SimpleArrayAppTests */ = {
			isa = PBXGroup;
			children = (
				28E25EA419F99A91000523C2 /* SimpleArrayAppTests.m */,
				28E25E9F19F99A91000523C2 /* Supporting Files */,
			);
			path = SimpleArrayAppTests;
			sourceTree = "<group>";
		};
		28E25E9F19F99A91000523C2 /* Supporting Files */ = {
			isa = PBXGroup;
			children = (
				28E25EA019F99A91000523C2 /* SimpleArrayAppTests-Info.plist */,
				28E25EA119F99A91000523C2 /* InfoPlist.strings */,
			);
			name = "Supporting Files";
			sourceTree = "<group>";
		};
/* End PBXGroup section */

/* Begin PBXNativeTarget section */
		28E25E7519F99A91000523C2 /* SimpleArrayApp */ = {
			isa = PBXNativeTarget;
			buildConfigurationList = 28E25EA819F99A91000523C2 /* Build configuration list for PBXNativeTarget "SimpleArrayApp" */;
			buildPhases = (
				28E25E7219F99A91000523C2 /* Sources */,
				28E25E7319F99A91000523C2 /* Frameworks */,
				28E25E7419F99A91000523C2 /* Resources */,
			);
			buildRules = (
			);
			dependencies = (
			);
			name = SimpleArrayApp;
			productName = SimpleArrayApp;
			productReference = 28E25E7619F99A91000523C2 /* SimpleArrayApp.app */;
			productType = "com.apple.product-type.application";
		};
		28E25E9619F99A91000523C2 /* SimpleArrayAppTests */ = {
			isa = PBXNativeTarget;
			buildConfigurationList = 28E25EAB19F99A91000523C2 /* Build configuration list for PBXNativeTarget "SimpleArrayAppTests" */;
			buildPhases = (
				28E25E9319F99A91000523C2 /* Sources */,
				28E25E9419F99A91000523C2 /* Frameworks */,
				28E25E9519F99A91000523C2 /* Resources */,
			);
			buildRules = (
			);
			dependencies = (
				28E25E9D19F99A91000523C2 /* PBXTargetDependency */,
			);
			name = SimpleArrayAppTests;
			productName = SimpleArrayAppTests;
			productReference = 28E25E9719F99A91000523C2 /* SimpleArrayAppTests.xctest */;
			productType = "com.apple.product-type.bundle.unit-test";
		};
/* End PBXNativeTarget section */

/* Begin PBXProject section */
		28E25E6E19F99A91000523C2 /* Project object */ = {
			isa = PBXProject;
			attributes = {
				LastUpgradeCheck = 0510;
				ORGANIZATIONNAME = "Jeff Linwood";
				TargetAttributes = {
					28E25E9619F99A91000523C2 = {
						TestTargetID = 28E25E7519F99A91000523C2;
					};
				};
			};
			buildConfigurationList = 28E25E7119F99A91000523C2 /* Build configuration list for PBXProject "SimpleArrayApp" */;
			compatibilityVersion = "Xcode 3.2";
			developmentRegion = English;
			hasScannedForEncodings = 0;
			knownRegions = (
				en,
				Base,
			);
			mainGroup = 28E25E6D19F99A91000523C2;
			productRefGroup = 28E25E7719F99A91000523C2 /* Products */;
			projectDirPath = "";
			projectRoot = "";
			targets = (
				28E25E7519F99A91000523C2 /* SimpleArrayApp */,
				28E25E9619F99A91000523C2 /* SimpleArrayAppTests */,
			);
		};
/* End PBXProject section */

/* Begin PBXResourcesBuildPhase section */
		28E25E7419F99A91000523C2 /* Resources */ = {
			isa = PBXResourcesBuildPhase;
			buildActionMask = 2147483647;
			files = (
				28E25E9219F99A91000523C2 /* Images.xcassets in Resources */,
				28E25E8419F99A91000523C2 /* InfoPlist.strings in Resources */,
				28E25E8D19F99A91000523C2 /* Main.storyboard in Resources */,
			);
			runOnlyForDeploymentPostprocessing = 0;
		};
		28E25E9519F99A91000523C2 /* Resources */ = {
			isa = PBXResourcesBuildPhase;
			buildActionMask = 2147483647;
			files = (
				28E25EA319F99A91000523C2 /* InfoPlist.strings in Resources */,
			);
			runOnlyForDeploymentPostprocessing = 0;
		};
/* End PBXResourcesBuildPhase section */

/* Begin PBXSourcesBuildPhase section */
		28E25E7219F99A91000523C2 /* Sources */ = {
			isa = PBXSourcesBuildPhase;
			buildActionMask = 2147483647;
			files = (
				28E25E9019F99A91000523C2 /* ViewController.m in Sources */,
				28E25E8A19F99A91000523C2 /* AppDelegate.m in Sources */,
				28E25EB019F99AA3000523C2 /* ArrayViewController.m in Sources */,
				28E25E8619F99A91000523C2 /* main.m in Sources */,
			);
			runOnlyForDeploymentPostprocessing = 0;
		};
		28E25E9319F99A91000523C2 /* Sources */ = {
			isa = PBXSourcesBuildPhase;
			buildActionMask = 2147483647;
			files = (
				28E25EA519F99A91000523C2 /* SimpleArrayAppTests.m in Sources */,
			);
			runOnlyForDeploymentPostprocessing = 0;
		};
/* End PBXSourcesBuildPhase section */

/* Begin PBXTargetDependency section */
		28E25E9D19F99A91000523C2 /* PBXTargetDependency */ = {
			isa = PBXTargetDependency;
			target = 28E25E7519F99A91000523C2 /* SimpleArrayApp */;
			targetProxy = 28E25E9C19F99A91000523C2 /* PBXContainerItemProxy */;
		};
/* End PBXTargetDependency section */

/* Begin PBXVariantGroup section */
		28E25E8219F99A91000523C2 /* InfoPlist.strings */ = {
			isa = PBXVariantGroup;
			children = (
				28E25E8319F99A91000523C2 /* en */,
			);
			name = InfoPlist.strings;
			sourceTree = "<group>";
		};
		28E25E8B19F99A91000523C2 /* Main.storyboard */ = {
			isa = PBXVariantGroup;
			children = (
				28E25E8C19F99A91000523C2 /* Base */,
			);
			name = Main.storyboard;
			sourceTree = "<group>";
		};
		28E25EA119F99A91000523C2 /* InfoPlist.strings */ = {
			isa = PBXVariantGroup;
			children = (
				28E25EA219F99A91000523C2 /* en */,
			);
			name = InfoPlist.strings;
			sourceTree = "<group>";
		};
/* End PBXVariantGroup section */

/* Begin XCBuildConfiguration section */
		28E25EA619F99A91000523C2 /* Debug */ = {
			isa = XCBuildConfiguration;
			buildSettings = {
				ALWAYS_SEARCH_USER_PATHS = NO;
				CLANG_CXX_LANGUAGE_STANDARD = "gnu++0x";
				CLANG_CXX_LIBRARY = "libc++";
				CLANG_ENABLE_MODULES = YES;
				CLANG_ENABLE_OBJC_ARC = YES;
				CLANG_WARN_BOOL_CONVERSION = YES;
				CLANG_WARN_CONSTANT_CONVERSION = YES;
				CLANG_WARN_DIRECT_OBJC_ISA_USAGE = YES_ERROR;
				CLANG_WARN_EMPTY_BODY = YES;
				CLANG_WARN_ENUM_CONVERSION = YES;
				CLANG_WARN_INT_CONVERSION = YES;
				CLANG_WARN_OBJC_ROOT_CLASS = YES_ERROR;
				CLANG_WARN__DUPLICATE_METHOD_MATCH = YES;
				"CODE_SIGN_IDENTITY[sdk=iphoneos*]" = "iPhone Developer";
				COPY_PHASE_STRIP = NO;
				GCC_C_LANGUAGE_STANDARD = gnu99;
				GCC_DYNAMIC_NO_PIC = NO;
				GCC_OPTIMIZATION_LEVEL = 0;
				GCC_PREPROCESSOR_DEFINITIONS = (
					"DEBUG=1",
					"$(inherited)",
				);
				GCC_SYMBOLS_PRIVATE_EXTERN = NO;
				GCC_WARN_64_TO_32_BIT_CONVERSION = YES;
				GCC_WARN_ABOUT_RETURN_TYPE = YES_ERROR;
				GCC_WARN_UNDECLARED_SELECTOR = YES;
				GCC_WARN_UNINITIALIZED_AUTOS = YES_AGGRESSIVE;
				GCC_WARN_UNUSED_FUNCTION = YES;
				GCC_WARN_UNUSED_VARIABLE = YES;
				IPHONEOS_DEPLOYMENT_TARGET = 7.1;
				ONLY_ACTIVE_ARCH = YES;
				SDKROOT = iphoneos;
			};
			name = Debug;
		};
		28E25EA719F99A91000523C2 /* Release */ = {
			isa = XCBuildConfiguration;
			buildSettings = {
				ALWAYS_SEARCH_USER_PATHS = NO;
				CLANG_CXX_LANGUAGE_STANDARD = "gnu++0x";
				CLANG_CXX_LIBRARY = "libc++";
				CLANG_ENABLE_MODULES = YES;
				CLANG_ENABLE_OBJC_ARC = YES;
				CLANG_WARN_BOOL_CONVERSION = YES;
				CLANG_WARN_CONSTANT_CONVERSION = YES;
				CLANG_WARN_DIRECT_OBJC_ISA_USAGE = YES_ERROR;
				CLANG_WARN_EMPTY_BODY = YES;
				CLANG_WARN_ENUM_CONVERSION = YES;
				CLANG_WARN_INT_CONVERSION = YES;
				CLANG_WARN_OBJC_ROOT_CLASS = YES_ERROR;
				CLANG_WARN__DUPLICATE_METHOD_MATCH = YES;
				"CODE_SIGN_IDENTITY[sdk=iphoneos*]" = "iPhone Developer";
				COPY_PHASE_STRIP = YES;
				ENABLE_NS_ASSERTIONS = NO;
				GCC_C_LANGUAGE_STANDARD = gnu99;
				GCC_WARN_64_TO_32_BIT_CONVERSION = YES;
				GCC_WARN_ABOUT_RETURN_TYPE = YES_ERROR;
				GCC_WARN_UNDECLARED_SELECTOR = YES;
				GCC_WARN_UNINITIALIZED_AUTOS = YES_AGGRESSIVE;
				GCC_WARN_UNUSED_FUNCTION = YES;
				GCC_WARN_UNUSED_VARIABLE = YES;
				IPHONEOS_DEPLOYMENT_TARGET = 7.1;
				SDKROOT = iphoneos;
				VALIDATE_PRODUCT = YES;
			};
			name = Release;
		};
		28E25EA919F99A91000523C2 /* Debug */ = {
			isa = XCBuildConfiguration;
			buildSettings = {
				ASSETCATALOG_COMPILER_APPICON_NAME = AppIcon;
				ASSETCATALOG_COMPILER_LAUNCHIMAGE_NAME = LaunchImage;
				GCC_PRECOMPILE_PREFIX_HEADER = YES;
				GCC_PREFIX_HEADER = "SimpleArrayApp/SimpleArrayApp-Prefix.pch";
				INFOPLIST_FILE = "SimpleArrayApp/SimpleArrayApp-Info.plist";
				PRODUCT_NAME = "$(TARGET_NAME)";
				WRAPPER_EXTENSION = app;
			};
			name = Debug;
		};
		28E25EAA19F99A91000523C2 /* Release */ = {
			isa = XCBuildConfiguration;
			buildSettings = {
				ASSETCATALOG_COMPILER_APPICON_NAME = AppIcon;
				ASSETCATALOG_COMPILER_LAUNCHIMAGE_NAME = LaunchImage;
				GCC_PRECOMPILE_PREFIX_HEADER = YES;
				GCC_PREFIX_HEADER = "SimpleArrayApp/SimpleArrayApp-Prefix.pch";
				INFOPLIST_FILE = "SimpleArrayApp/SimpleArrayApp-Info.plist";
				PRODUCT_NAME = "$(TARGET_NAME)";
				WRAPPER_EXTENSION = app;
			};
			name = Release;
		};
		28E25EAC19F99A91000523C2 /* Debug */ = {
			isa = XCBuildConfiguration;
			buildSettings = {
				BUNDLE_LOADER = "$(BUILT_PRODUCTS_DIR)/SimpleArrayApp.app/SimpleArrayApp";
				FRAMEWORK_SEARCH_PATHS = (
					"$(SDKROOT)/Developer/Library/Frameworks",
					"$(inherited)",
					"$(DEVELOPER_FRAMEWORKS_DIR)",
				);
				GCC_PRECOMPILE_PREFIX_HEADER = YES;
				GCC_PREFIX_HEADER = "SimpleArrayApp/SimpleArrayApp-Prefix.pch";
				GCC_PREPROCESSOR_DEFINITIONS = (
					"DEBUG=1",
					"$(inherited)",
				);
				INFOPLIST_FILE = "SimpleArrayAppTests/SimpleArrayAppTests-Info.plist";
				PRODUCT_NAME = "$(TARGET_NAME)";
				TEST_HOST = "$(BUNDLE_LOADER)";
				WRAPPER_EXTENSION = xctest;
			};
			name = Debug;
		};
		28E25EAD19F99A91000523C2 /* Release */ = {
			isa = XCBuildConfiguration;
			buildSettings = {
				BUNDLE_LOADER = "$(BUILT_PRODUCTS_DIR)/SimpleArrayApp.app/SimpleArrayApp";
				FRAMEWORK_SEARCH_PATHS = (
					"$(SDKROOT)/Developer/Library/Frameworks",
					"$(inherited)",
					"$(DEVELOPER_FRAMEWORKS_DIR)",
				);
				GCC_PRECOMPILE_PREFIX_HEADER = YES;
				GCC_PREFIX_HEADER = "SimpleArrayApp/SimpleArrayApp-Prefix.pch";
				INFOPLIST_FILE = "SimpleArrayAppTests/SimpleArrayAppTests-Info.plist";
				PRODUCT_NAME = "$(TARGET_NAME)";
				TEST_HOST = "$(BUNDLE_LOADER)";
				WRAPPER_EXTENSION = xctest;
			};
			name = Release;
		};
/* End XCBuildConfiguration section */

/* Begin XCConfigurationList section */
		28E25E7119F99A91000523C2 /* Build configuration list for PBXProject "SimpleArrayApp" */ = {
			isa = XCConfigurationList;
			buildConfigurations = (
				28E25EA619F99A91000523C2 /* Debug */,
				28E25EA719F99A91000523C2 /* Release */,
			);
			defaultConfigurationIsVisible = 0;
			defaultConfigurationName = Release;
		};
		28E25EA819F99A91000523C2 /* Build configuration list for PBXNativeTarget "SimpleArrayApp" */ = {
			isa = XCConfigurationList;
			buildConfigurations = (
				28E25EA919F99A91000523C2 /* Debug */,
				28E25EAA19F99A91000523C2 /* Release */,
			);
			defaultConfigurationIsVisible = 0;
		};
		28E25EAB19F99A91000523C2 /* Build configuration list for PBXNativeTarget "SimpleArrayAppTests" */ = {
			isa = XCConfigurationList;
			buildConfigurations = (
				28E25EAC19F99A91000523C2 /* Debug */,
				28E25EAD19F99A91000523C2 /* Release */,
			);
			defaultConfigurationIsVisible = 0;
		};
/* End XCConfigurationList section */
	};
	rootObject = 28E25E6E19F99A91000523C2 /* Project object */;
}
